
Microsoft Visual Studio Solution File, Format Version 12.00
# Visual Studio Version 16
VisualStudioVersion = 16.0.33027.164
MinimumVisualStudioVersion = 10.0.40219.1
Project("{9A19103F-16F7-4668-BE54-9A1E7A4F7556}") = "EmpresaTelecomunicaciones", "EmpresaTelecomunicaciones\EmpresaTelecomunicaciones.csproj", "{4682955C-14C7-46D4-93ED-A634BB41CCFC}"
EndProject
Global
	GlobalSection(SolutionConfigurationPlatforms) = preSolution
		Debug|Any CPU = Debug|Any CPU
		Release|Any CPU = Release|Any CPU
	EndGlobalSection
	GlobalSection(ProjectConfigurationPlatforms) = postSolution
		{4682955C-14C7-46D4-93ED-A634BB41CCFC}.Debug|Any CPU.ActiveCfg = Debug|Any CPU
		{4682955C-14C7-46D4-93ED-A634BB41CCFC}.Debug|Any CPU.Build.0 = Debug|Any CPU
		{4682955C-14C7-46D4-93ED-A634BB41CCFC}.Release|Any CPU.ActiveCfg = Release|Any CPU
		{4682955C-14C7-46D4-93ED-A634BB41CCFC}.Release|Any CPU.Build.0 = Release|Any CPU
	EndGlobalSection
	GlobalSection(SolutionProperties) = preSolution
		HideSolutionNode = FALSE
	EndGlobalSection
	GlobalSection(ExtensibilityGlobals) = postSolution
		SolutionGuid = {EB3AAD95-D457-46BE-AB48-1C05FC9303D7}
	EndGlobalSection
EndGlobal
